{
  "requires": true,
  "lockfileVersion": 1,
  "dependencies": {
    "normalizr": {
      "version": "3.3.0",
      "resolved": "https://registry.npmjs.org/normalizr/-/normalizr-3.3.0.tgz",
      "integrity": "sha512-u8Us8Ms5KpY0mmNwML4OBxNKvlmSKeXfPBIXU9XmcejrZUjhIvUOd8RYBq62UL4JHxrcO4wqo2sL4s8B74Hadw=="
    }
  }
}
